# THIS IS AN AUTOGENERATED FILE. DO NOT EDIT THIS FILE DIRECTLY.
# yarn lockfile v1


"@filtu/eslint-config@^1.0.0":
  version "1.0.0"
  resolved "https://registry.yarnpkg.com/@filtu/eslint-config/-/eslint-config-1.0.0.tgz#74f0290e817947ddd948788db5cc57a140d72795"
  integrity sha512-ncKeMzkwZTsworMRT9iUfNuDnlAOk1XK5k4FEJc92Rd7YDJmkE8qy6PLqyDtIc9MaDQqPZLV732F6IUVpFrJhg==
  dependencies:
    eslint-config-prettier "^5.0.0"
    eslint-plugin-prettier "^3.1.0"

"@filtu/prettier-config@^1.0.1":
  version "1.0.1"
  resolved "https://registry.yarnpkg.com/@filtu/prettier-config/-/prettier-config-1.0.1.tgz#5357403b0bf6e5a7435601d952c37c3a65d6e8bc"
  integrity sha512-yO414K1H2SFBQeKqfFpImVnx8qhGrjhoxQ7XLLiiXYKZ/OvTY/glP2lLmUoOQm2lKKqDPl1o8d2SHELwwTFT8Q==

aria-query@^3.0.0:
  version "3.0.0"
  resolved "https://registry.yarnpkg.com/aria-query/-/aria-query-3.0.0.tgz#65b3fcc1ca1155a8c9ae64d6eee297f15d5133cc"
  integrity sha1-ZbP8wcoRVajJrmTW7uKX8V1RM8w=
  dependencies:
    ast-types-flow "0.0.7"
    commander "^2.11.0"

array-includes@^3.0.3:
  version "3.0.3"
  resolved "https://registry.yarnpkg.com/array-includes/-/array-includes-3.0.3.tgz#184b48f62d92d7452bb31b323165c7f8bd02266d"
  integrity sha1-GEtI9i2S10UrsxsyMWXH+L0CJm0=
  dependencies:
    define-properties "^1.1.2"
    es-abstract "^1.7.0"

array-includes@^3.1.1:
  version "3.1.1"
  resolved "https://registry.yarnpkg.com/array-includes/-/array-includes-3.1.1.tgz#cdd67e6852bdf9c1215460786732255ed2459348"
  integrity sha512-c2VXaCHl7zPsvpkFsw4nxvFie4fh1ur9bpcgsVkIjqn0H/Xwdg+7fv3n2r/isyS8EBj5b06M9kHyZuIr4El6WQ==
  dependencies:
    define-properties "^1.1.3"
    es-abstract "^1.17.0"
    is-string "^1.0.5"

ast-types-flow@0.0.7, ast-types-flow@^0.0.7:
  version "0.0.7"
  resolved "https://registry.yarnpkg.com/ast-types-flow/-/ast-types-flow-0.0.7.tgz#f70b735c6bca1a5c9c22d982c3e39e7feba3bdad"
  integrity sha1-9wtzXGvKGlycItmCw+Oef+ujva0=

axobject-query@^2.0.2:
  version "2.0.2"
  resolved "https://registry.yarnpkg.com/axobject-query/-/axobject-query-2.0.2.tgz#ea187abe5b9002b377f925d8bf7d1c561adf38f9"
  integrity sha512-MCeek8ZH7hKyO1rWUbKNQBbl4l2eY0ntk7OGi+q0RlafrCnfPxC06WZA+uebCfmYp4mNU9jRBP1AhGyf8+W3ww==
  dependencies:
    ast-types-flow "0.0.7"

commander@^2.11.0:
  version "2.20.0"
  resolved "https://registry.yarnpkg.com/commander/-/commander-2.20.0.tgz#d58bb2b5c1ee8f87b0d340027e9e94e222c5a422"
  integrity sha512-7j2y+40w61zy6YC2iRNpUe/NwhNyoXrYpHMrSunaMG64nRnaf96zO/KMQR4OyN/UnE5KLyEBnKHd4aG3rskjpQ==

damerau-levenshtein@^1.0.4:
  version "1.0.5"
  resolved "https://registry.yarnpkg.com/damerau-levenshtein/-/damerau-levenshtein-1.0.5.tgz#780cf7144eb2e8dbd1c3bb83ae31100ccc31a414"
  integrity sha512-CBCRqFnpu715iPmw1KrdOrzRqbdFwQTwAWyyyYS42+iAgHCuXZ+/TdMgQkUENPomxEz9z1BEzuQU2Xw0kUuAgA==

define-properties@^1.1.2, define-properties@^1.1.3:
  version "1.1.3"
  resolved "https://registry.yarnpkg.com/define-properties/-/define-properties-1.1.3.tgz#cf88da6cbee26fe6db7094f61d870cbd84cee9f1"
  integrity sha512-3MqfYKj2lLzdMSf8ZIZE/V+Zuy+BgD6f164e8K2w7dgnpKArBDerGYpM46IYYcjnkdPNMjPk9A6VFB8+3SKlXQ==
  dependencies:
    object-keys "^1.0.12"

doctrine@^2.1.0:
  version "2.1.0"
  resolved "https://registry.yarnpkg.com/doctrine/-/doctrine-2.1.0.tgz#5cd01fc101621b42c4cd7f5d1a66243716d3f39d"
  integrity sha512-35mSku4ZXK0vfCuHEDAwt55dg2jNajHZ1odvF+8SSr82EsZY4QmXfuWso8oEd8zRhVObSN18aM0CjSdoBX7zIw==
  dependencies:
    esutils "^2.0.2"

emoji-regex@^7.0.2:
  version "7.0.3"
  resolved "https://registry.yarnpkg.com/emoji-regex/-/emoji-regex-7.0.3.tgz#933a04052860c85e83c122479c4748a8e4c72156"
  integrity sha512-CwBLREIQ7LvYFB0WyRvwhq5N5qPhc6PMjD6bYggFlI5YyDgl+0vxq5VHbMOFqLg7hfWzmu8T5Z1QofhmTIhItA==

es-abstract@^1.17.0, es-abstract@^1.17.0-next.1:
  version "1.17.2"
  resolved "https://registry.yarnpkg.com/es-abstract/-/es-abstract-1.17.2.tgz#965b10af56597b631da15872c17a405e86c1fd46"
  integrity sha512-YoKuru3Lyoy7yVTBSH2j7UxTqe/je3dWAruC0sHvZX1GNd5zX8SSLvQqEgO9b3Ex8IW+goFI9arEEsFIbulhOw==
  dependencies:
    es-to-primitive "^1.2.1"
    function-bind "^1.1.1"
    has "^1.0.3"
    has-symbols "^1.0.1"
    is-callable "^1.1.5"
    is-regex "^1.0.5"
    object-inspect "^1.7.0"
    object-keys "^1.1.1"
    object.assign "^4.1.0"
    string.prototype.trimleft "^2.1.1"
    string.prototype.trimright "^2.1.1"

es-abstract@^1.7.0:
  version "1.13.0"
  resolved "https://registry.yarnpkg.com/es-abstract/-/es-abstract-1.13.0.tgz#ac86145fdd5099d8dd49558ccba2eaf9b88e24e9"
  integrity sha512-vDZfg/ykNxQVwup/8E1BZhVzFfBxs9NqMzGcvIJrqg5k2/5Za2bWo40dK2J1pgLngZ7c+Shh8lwYtLGyrwPutg==
  dependencies:
    es-to-primitive "^1.2.0"
    function-bind "^1.1.1"
    has "^1.0.3"
    is-callable "^1.1.4"
    is-regex "^1.0.4"
    object-keys "^1.0.12"

es-to-primitive@^1.2.0:
  version "1.2.0"
  resolved "https://registry.yarnpkg.com/es-to-primitive/-/es-to-primitive-1.2.0.tgz#edf72478033456e8dda8ef09e00ad9650707f377"
  integrity sha512-qZryBOJjV//LaxLTV6UC//WewneB3LcXOL9NP++ozKVXsIIIpm/2c13UDiD9Jp2eThsecw9m3jPqDwTyobcdbg==
  dependencies:
    is-callable "^1.1.4"
    is-date-object "^1.0.1"
    is-symbol "^1.0.2"

es-to-primitive@^1.2.1:
  version "1.2.1"
  resolved "https://registry.yarnpkg.com/es-to-primitive/-/es-to-primitive-1.2.1.tgz#e55cd4c9cdc188bcefb03b366c736323fc5c898a"
  integrity sha512-QCOllgZJtaUo9miYBcLChTUaHNjJF3PYs1VidD7AwiEj1kYxKeQTctLAezAOH5ZKRH0g2IgPn6KwB4IT8iRpvA==
  dependencies:
    is-callable "^1.1.4"
    is-date-object "^1.0.1"
    is-symbol "^1.0.2"

eslint-config-prettier@^5.0.0:
  version "5.0.0"
  resolved "https://registry.yarnpkg.com/eslint-config-prettier/-/eslint-config-prettier-5.0.0.tgz#f7a94b2b8ae7cbf25842c36fa96c6d32cd0a697c"
  integrity sha512-c17Aqiz5e8LEqoc/QPmYnaxQFAHTx2KlCZBPxXXjEMmNchOLnV/7j0HoPZuC+rL/tDC9bazUYOKJW9bOhftI/w==
  dependencies:
    get-stdin "^6.0.0"

eslint-plugin-jsx-a11y@^6.2.1:
  version "6.2.1"
  resolved "https://registry.yarnpkg.com/eslint-plugin-jsx-a11y/-/eslint-plugin-jsx-a11y-6.2.1.tgz#4ebba9f339b600ff415ae4166e3e2e008831cf0c"
  integrity sha512-cjN2ObWrRz0TTw7vEcGQrx+YltMvZoOEx4hWU8eEERDnBIU00OTq7Vr+jA7DFKxiwLNv4tTh5Pq2GUNEa8b6+w==
  dependencies:
    aria-query "^3.0.0"
    array-includes "^3.0.3"
    ast-types-flow "^0.0.7"
    axobject-query "^2.0.2"
    damerau-levenshtein "^1.0.4"
    emoji-regex "^7.0.2"
    has "^1.0.3"
    jsx-ast-utils "^2.0.1"

eslint-plugin-prettier@^3.1.0:
  version "3.1.0"
  resolved "https://registry.yarnpkg.com/eslint-plugin-prettier/-/eslint-plugin-prettier-3.1.0.tgz#8695188f95daa93b0dc54b249347ca3b79c4686d"
  integrity sha512-XWX2yVuwVNLOUhQijAkXz+rMPPoCr7WFiAl8ig6I7Xn+pPVhDhzg4DxHpmbeb0iqjO9UronEA3Tb09ChnFVHHA==
  dependencies:
    prettier-linter-helpers "^1.0.0"

eslint-plugin-react@^7.18.0:
  version "7.18.0"
  resolved "https://registry.yarnpkg.com/eslint-plugin-react/-/eslint-plugin-react-7.18.0.tgz#2317831284d005b30aff8afb7c4e906f13fa8e7e"
  integrity sha512-p+PGoGeV4SaZRDsXqdj9OWcOrOpZn8gXoGPcIQTzo2IDMbAKhNDnME9myZWqO3Ic4R3YmwAZ1lDjWl2R2hMUVQ==
  dependencies:
    array-includes "^3.1.1"
    doctrine "^2.1.0"
    has "^1.0.3"
    jsx-ast-utils "^2.2.3"
    object.entries "^1.1.1"
    object.fromentries "^2.0.2"
    object.values "^1.1.1"
    prop-types "^15.7.2"
    resolve "^1.14.2"

esutils@^2.0.2:
  version "2.0.2"
  resolved "https://registry.yarnpkg.com/esutils/-/esutils-2.0.2.tgz#0abf4f1caa5bcb1f7a9d8acc6dea4faaa04bac9b"
  integrity sha1-Cr9PHKpbyx96nYrMbepPqqBLrJs=

fast-diff@^1.1.2:
  version "1.2.0"
  resolved "https://registry.yarnpkg.com/fast-diff/-/fast-diff-1.2.0.tgz#73ee11982d86caaf7959828d519cfe927fac5f03"
  integrity sha512-xJuoT5+L99XlZ8twedaRf6Ax2TgQVxvgZOYoPKqZufmJib0tL2tegPBOZb1pVNgIhlqDlA0eO0c3wBvQcmzx4w==

function-bind@^1.1.1:
  version "1.1.1"
  resolved "https://registry.yarnpkg.com/function-bind/-/function-bind-1.1.1.tgz#a56899d3ea3c9bab874bb9773b7c5ede92f4895d"
  integrity sha512-yIovAzMX49sF8Yl58fSCWJ5svSLuaibPxXQJFLmBObTuCr0Mf1KiPopGM9NiFjiYBCbfaa2Fh6breQ6ANVTI0A==

get-stdin@^6.0.0:
  version "6.0.0"
  resolved "https://registry.yarnpkg.com/get-stdin/-/get-stdin-6.0.0.tgz#9e09bf712b360ab9225e812048f71fde9c89657b"
  integrity sha512-jp4tHawyV7+fkkSKyvjuLZswblUtz+SQKzSWnBbii16BuZksJlU1wuBYXY75r+duh/llF1ur6oNwi+2ZzjKZ7g==

has-symbols@^1.0.0:
  version "1.0.0"
  resolved "https://registry.yarnpkg.com/has-symbols/-/has-symbols-1.0.0.tgz#ba1a8f1af2a0fc39650f5c850367704122063b44"
  integrity sha1-uhqPGvKg/DllD1yFA2dwQSIGO0Q=

has-symbols@^1.0.1:
  version "1.0.1"
  resolved "https://registry.yarnpkg.com/has-symbols/-/has-symbols-1.0.1.tgz#9f5214758a44196c406d9bd76cebf81ec2dd31e8"
  integrity sha512-PLcsoqu++dmEIZB+6totNFKq/7Do+Z0u4oT0zKOJNl3lYK6vGwwu2hjHs+68OEZbTjiUE9bgOABXbP/GvrS0Kg==

has@^1.0.1, has@^1.0.3:
  version "1.0.3"
  resolved "https://registry.yarnpkg.com/has/-/has-1.0.3.tgz#722d7cbfc1f6aa8241f16dd814e011e1f41e8796"
  integrity sha512-f2dvO0VU6Oej7RkWJGrehjbzMAjFp5/VKPp5tTpWIV4JHHZK1/BxbFRtf/siA2SWTe09caDmVtYYzWEIbBS4zw==
  dependencies:
    function-bind "^1.1.1"

is-callable@^1.1.4:
  version "1.1.4"
  resolved "https://registry.yarnpkg.com/is-callable/-/is-callable-1.1.4.tgz#1e1adf219e1eeb684d691f9d6a05ff0d30a24d75"
  integrity sha512-r5p9sxJjYnArLjObpjA4xu5EKI3CuKHkJXMhT7kwbpUyIFD1n5PMAsoPvWnvtZiNz7LjkYDRZhd7FlI0eMijEA==

is-callable@^1.1.5:
  version "1.1.5"
  resolved "https://registry.yarnpkg.com/is-callable/-/is-callable-1.1.5.tgz#f7e46b596890456db74e7f6e976cb3273d06faab"
  integrity sha512-ESKv5sMCJB2jnHTWZ3O5itG+O128Hsus4K4Qh1h2/cgn2vbgnLSVqfV46AeJA9D5EeeLa9w81KUXMtn34zhX+Q==

is-date-object@^1.0.1:
  version "1.0.1"
  resolved "https://registry.yarnpkg.com/is-date-object/-/is-date-object-1.0.1.tgz#9aa20eb6aeebbff77fbd33e74ca01b33581d3a16"
  integrity sha1-mqIOtq7rv/d/vTPnTKAbM1gdOhY=

is-regex@^1.0.4:
  version "1.0.4"
  resolved "https://registry.yarnpkg.com/is-regex/-/is-regex-1.0.4.tgz#5517489b547091b0930e095654ced25ee97e9491"
  integrity sha1-VRdIm1RwkbCTDglWVM7SXul+lJE=
  dependencies:
    has "^1.0.1"

is-regex@^1.0.5:
  version "1.0.5"
  resolved "https://registry.yarnpkg.com/is-regex/-/is-regex-1.0.5.tgz#39d589a358bf18967f726967120b8fc1aed74eae"
  integrity sha512-vlKW17SNq44owv5AQR3Cq0bQPEb8+kF3UKZ2fiZNOWtztYE5i0CzCZxFDwO58qAOWtxdBRVO/V5Qin1wjCqFYQ==
  dependencies:
    has "^1.0.3"

is-string@^1.0.5:
  version "1.0.5"
  resolved "https://registry.yarnpkg.com/is-string/-/is-string-1.0.5.tgz#40493ed198ef3ff477b8c7f92f644ec82a5cd3a6"
  integrity sha512-buY6VNRjhQMiF1qWDouloZlQbRhDPCebwxSjxMjxgemYT46YMd2NR0/H+fBhEfWX4A/w9TBJ+ol+okqJKFE6vQ==

is-symbol@^1.0.2:
  version "1.0.2"
  resolved "https://registry.yarnpkg.com/is-symbol/-/is-symbol-1.0.2.tgz#a055f6ae57192caee329e7a860118b497a950f38"
  integrity sha512-HS8bZ9ox60yCJLH9snBpIwv9pYUAkcuLhSA1oero1UB5y9aiQpRA8y2ex945AOtCZL1lJDeIk3G5LthswI46Lw==
  dependencies:
    has-symbols "^1.0.0"

"js-tokens@^3.0.0 || ^4.0.0":
  version "4.0.0"
  resolved "https://registry.yarnpkg.com/js-tokens/-/js-tokens-4.0.0.tgz#19203fb59991df98e3a287050d4647cdeaf32499"
  integrity sha512-RdJUflcE3cUzKiMqQgsCu06FPu9UdIJO0beYbPhHN4k6apgJtifcoCtT9bcxOpYBtpD2kCM6Sbzg4CausW/PKQ==

jsx-ast-utils@^2.0.1:
  version "2.1.0"
  resolved "https://registry.yarnpkg.com/jsx-ast-utils/-/jsx-ast-utils-2.1.0.tgz#0ee4e2c971fb9601c67b5641b71be80faecf0b36"
  integrity sha512-yDGDG2DS4JcqhA6blsuYbtsT09xL8AoLuUR2Gb5exrw7UEM19sBcOTq+YBBhrNbl0PUC4R4LnFu+dHg2HKeVvA==
  dependencies:
    array-includes "^3.0.3"

jsx-ast-utils@^2.2.3:
  version "2.2.3"
  resolved "https://registry.yarnpkg.com/jsx-ast-utils/-/jsx-ast-utils-2.2.3.tgz#8a9364e402448a3ce7f14d357738310d9248054f"
  integrity sha512-EdIHFMm+1BPynpKOpdPqiOsvnIrInRGJD7bzPZdPkjitQEqpdpUuFpq4T0npZFKTiB3RhWFdGN+oqOJIdhDhQA==
  dependencies:
    array-includes "^3.0.3"
    object.assign "^4.1.0"

loose-envify@^1.4.0:
  version "1.4.0"
  resolved "https://registry.yarnpkg.com/loose-envify/-/loose-envify-1.4.0.tgz#71ee51fa7be4caec1a63839f7e682d8132d30caf"
  integrity sha512-lyuxPGr/Wfhrlem2CL/UcnUc1zcqKAImBDzukY7Y5F/yQiNdko6+fRLevlw1HgMySw7f611UIY408EtxRSoK3Q==
  dependencies:
    js-tokens "^3.0.0 || ^4.0.0"

object-assign@^4.1.1:
  version "4.1.1"
  resolved "https://registry.yarnpkg.com/object-assign/-/object-assign-4.1.1.tgz#2109adc7965887cfc05cbbd442cac8bfbb360863"
  integrity sha1-IQmtx5ZYh8/AXLvUQsrIv7s2CGM=

object-inspect@^1.7.0:
  version "1.7.0"
  resolved "https://registry.yarnpkg.com/object-inspect/-/object-inspect-1.7.0.tgz#f4f6bd181ad77f006b5ece60bd0b6f398ff74a67"
  integrity sha512-a7pEHdh1xKIAgTySUGgLMx/xwDZskN1Ud6egYYN3EdRW4ZMPNEDUTF+hwy2LUC+Bl+SyLXANnwz/jyh/qutKUw==

object-keys@^1.0.11, object-keys@^1.0.12, object-keys@^1.1.1:
  version "1.1.1"
  resolved "https://registry.yarnpkg.com/object-keys/-/object-keys-1.1.1.tgz#1c47f272df277f3b1daf061677d9c82e2322c60e"
  integrity sha512-NuAESUOUMrlIXOfHKzD6bpPu3tYt3xvjNdRIQ+FeT0lNb4K8WR70CaDxhuNguS2XG+GjkyMwOzsN5ZktImfhLA==

object.assign@^4.1.0:
  version "4.1.0"
  resolved "https://registry.yarnpkg.com/object.assign/-/object.assign-4.1.0.tgz#968bf1100d7956bb3ca086f006f846b3bc4008da"
  integrity sha512-exHJeq6kBKj58mqGyTQ9DFvrZC/eR6OwxzoM9YRoGBqrXYonaFyGiFMuc9VZrXf7DarreEwMpurG3dd+CNyW5w==
  dependencies:
    define-properties "^1.1.2"
    function-bind "^1.1.1"
    has-symbols "^1.0.0"
    object-keys "^1.0.11"

object.entries@^1.1.1:
  version "1.1.1"
  resolved "https://registry.yarnpkg.com/object.entries/-/object.entries-1.1.1.tgz#ee1cf04153de02bb093fec33683900f57ce5399b"
  integrity sha512-ilqR7BgdyZetJutmDPfXCDffGa0/Yzl2ivVNpbx/g4UeWrCdRnFDUBrKJGLhGieRHDATnyZXWBeCb29k9CJysQ==
  dependencies:
    define-properties "^1.1.3"
    es-abstract "^1.17.0-next.1"
    function-bind "^1.1.1"
    has "^1.0.3"

object.fromentries@^2.0.2:
  version "2.0.2"
  resolved "https://registry.yarnpkg.com/object.fromentries/-/object.fromentries-2.0.2.tgz#4a09c9b9bb3843dd0f89acdb517a794d4f355ac9"
  integrity sha512-r3ZiBH7MQppDJVLx6fhD618GKNG40CZYH9wgwdhKxBDDbQgjeWGGd4AtkZad84d291YxvWe7bJGuE65Anh0dxQ==
  dependencies:
    define-properties "^1.1.3"
    es-abstract "^1.17.0-next.1"
    function-bind "^1.1.1"
    has "^1.0.3"

object.values@^1.1.1:
  version "1.1.1"
  resolved "https://registry.yarnpkg.com/object.values/-/object.values-1.1.1.tgz#68a99ecde356b7e9295a3c5e0ce31dc8c953de5e"
  integrity sha512-WTa54g2K8iu0kmS/us18jEmdv1a4Wi//BZ/DTVYEcH0XhLM5NYdpDHja3gt57VrZLcNAO2WGA+KpWsDBaHt6eA==
  dependencies:
    define-properties "^1.1.3"
    es-abstract "^1.17.0-next.1"
    function-bind "^1.1.1"
    has "^1.0.3"

path-parse@^1.0.6:
  version "1.0.6"
  resolved "https://registry.yarnpkg.com/path-parse/-/path-parse-1.0.6.tgz#d62dbb5679405d72c4737ec58600e9ddcf06d24c"
  integrity sha512-GSmOT2EbHrINBf9SR7CDELwlJ8AENk3Qn7OikK4nFYAu3Ote2+JYNVvkpAEQm3/TLNEJFD/xZJjzyxg3KBWOzw==

prettier-linter-helpers@^1.0.0:
  version "1.0.0"
  resolved "https://registry.yarnpkg.com/prettier-linter-helpers/-/prettier-linter-helpers-1.0.0.tgz#d23d41fe1375646de2d0104d3454a3008802cf7b"
  integrity sha512-GbK2cP9nraSSUF9N2XwUwqfzlAFlMNYYl+ShE/V+H8a9uNl/oUqB1w2EL54Jh0OlyRSd8RfWYJ3coVS4TROP2w==
  dependencies:
    fast-diff "^1.1.2"

prettier@^1.18.2:
  version "1.18.2"
  resolved "https://registry.yarnpkg.com/prettier/-/prettier-1.18.2.tgz#6823e7c5900017b4bd3acf46fe9ac4b4d7bda9ea"
  integrity sha512-OeHeMc0JhFE9idD4ZdtNibzY0+TPHSpSSb9h8FqtP+YnoZZ1sl8Vc9b1sasjfymH3SonAF4QcA2+mzHPhMvIiw==

prop-types@^15.7.2:
  version "15.7.2"
  resolved "https://registry.yarnpkg.com/prop-types/-/prop-types-15.7.2.tgz#52c41e75b8c87e72b9d9360e0206b99dcbffa6c5"
  integrity sha512-8QQikdH7//R2vurIJSutZ1smHYTcLpRWEOlHnzcWHmBYrOGUysKwSsrC89BCiFj3CbrfJ/nXFdJepOVrY1GCHQ==
  dependencies:
    loose-envify "^1.4.0"
    object-assign "^4.1.1"
    react-is "^16.8.1"

react-is@^16.8.1:
  version "16.8.6"
  resolved "https://registry.yarnpkg.com/react-is/-/react-is-16.8.6.tgz#5bbc1e2d29141c9fbdfed456343fe2bc430a6a16"
  integrity sha512-aUk3bHfZ2bRSVFFbbeVS4i+lNPZr3/WM5jT2J5omUVV1zzcs1nAaf3l51ctA5FFvCRbhrH0bdAsRRQddFJZPtA==

resolve@^1.14.2:
  version "1.14.2"
  resolved "https://registry.yarnpkg.com/resolve/-/resolve-1.14.2.tgz#dbf31d0fa98b1f29aa5169783b9c290cb865fea2"
  integrity sha512-EjlOBLBO1kxsUxsKjLt7TAECyKW6fOh1VRkykQkKGzcBbjjPIxBqGh0jf7GJ3k/f5mxMqW3htMD3WdTUVtW8HQ==
  dependencies:
    path-parse "^1.0.6"

string.prototype.trimleft@^2.1.1:
  version "2.1.1"
  resolved "https://registry.yarnpkg.com/string.prototype.trimleft/-/string.prototype.trimleft-2.1.1.tgz#9bdb8ac6abd6d602b17a4ed321870d2f8dcefc74"
  integrity sha512-iu2AGd3PuP5Rp7x2kEZCrB2Nf41ehzh+goo8TV7z8/XDBbsvc6HQIlUl9RjkZ4oyrW1XM5UwlGl1oVEaDjg6Ag==
  dependencies:
    define-properties "^1.1.3"
    function-bind "^1.1.1"

string.prototype.trimright@^2.1.1:
  version "2.1.1"
  resolved "https://registry.yarnpkg.com/string.prototype.trimright/-/string.prototype.trimright-2.1.1.tgz#440314b15996c866ce8a0341894d45186200c5d9"
  integrity sha512-qFvWL3/+QIgZXVmJBfpHmxLB7xsUXz6HsUmP8+5dRaC3Q7oKUv9Vo6aMCRZC1smrtyECFsIT30PqBJ1gTjAs+g==
  dependencies:
    define-properties "^1.1.3"
    function-bind "^1.1.1"
